// !$*UTF8*$!
{
	archiveVersion = 1;
	classes = {
	};
	objectVersion = 56;
	objects = {

/* Begin PBXBuildFile section */
		4709D74A28F8F76C002E5AC1 /* UI_697App.swift in Sources */ = {isa = PBXBuildFile; fileRef = 4709D74928F8F76C002E5AC1 /* UI_697App.swift */; };
		4709D74C28F8F76C002E5AC1 /* ContentView.swift in Sources */ = {isa = PBXBuildFile; fileRef = 4709D74B28F8F76C002E5AC1 /* ContentView.swift */; };
		4709D74E28F8F76D002E5AC1 /* Assets.xcassets in Resources */ = {isa = PBXBuildFile; fileRef = 4709D74D28F8F76D002E5AC1 /* Assets.xcassets */; };
		4709D75128F8F76D002E5AC1 /* Preview Assets.xcassets in Resources */ = {isa = PBXBuildFile; fileRef = 4709D75028F8F76D002E5AC1 /* Preview Assets.xcassets */; };
		4709D75B28F8F76D002E5AC1 /* UI_697Tests.swift in Sources */ = {isa = PBXBuildFile; fileRef = 4709D75A28F8F76D002E5AC1 /* UI_697Tests.swift */; };
		4709D76528F8F76D002E5AC1 /* UI_697UITests.swift in Sources */ = {isa = PBXBuildFile; fileRef = 4709D76428F8F76D002E5AC1 /* UI_697UITests.swift */; };
		4709D76728F8F76D002E5AC1 /* UI_697UITestsLaunchTests.swift in Sources */ = {isa = PBXBuildFile; fileRef = 4709D76628F8F76D002E5AC1 /* UI_697UITestsLaunchTests.swift */; };
		47632AC628F8F829001452D3 /* MainView.swift in Sources */ = {isa = PBXBuildFile; fileRef = 47632AC528F8F829001452D3 /* MainView.swift */; };
		47632AC928F8F84B001452D3 /* Tab.swift in Sources */ = {isa = PBXBuildFile; fileRef = 47632AC828F8F84B001452D3 /* Tab.swift */; };
		47632ACB28F8F873001452D3 /* Plant.swift in Sources */ = {isa = PBXBuildFile; fileRef = 47632ACA28F8F873001452D3 /* Plant.swift */; };
		47632ACD28F8F8A1001452D3 /* CustomCorner.swift in Sources */ = {isa = PBXBuildFile; fileRef = 47632ACC28F8F8A1001452D3 /* CustomCorner.swift */; };
		47632AD028F8FD93001452D3 /* Home.swift in Sources */ = {isa = PBXBuildFile; fileRef = 47632ACF28F8FD93001452D3 /* Home.swift */; };
		47632AD228F9053D001452D3 /* CustomCrouselView.swift in Sources */ = {isa = PBXBuildFile; fileRef = 47632AD128F9053D001452D3 /* CustomCrouselView.swift */; };
		47632AD428F91351001452D3 /* DetailView.swift in Sources */ = {isa = PBXBuildFile; fileRef = 47632AD328F91351001452D3 /* DetailView.swift */; };
/* End PBXBuildFile section */

/* Begin PBXContainerItemProxy section */
		4709D75728F8F76D002E5AC1 /* PBXContainerItemProxy */ = {
			isa = PBXContainerItemProxy;
			containerPortal = 4709D73E28F8F76C002E5AC1 /* Project object */;
			proxyType = 1;
			remoteGlobalIDString = 4709D74528F8F76C002E5AC1;
			remoteInfo = "UI-697";
		};
		4709D76128F8F76D002E5AC1 /* PBXContainerItemProxy */ = {
			isa = PBXContainerItemProxy;
			containerPortal = 4709D73E28F8F76C002E5AC1 /* Project object */;
			proxyType = 1;
			remoteGlobalIDString = 4709D74528F8F76C002E5AC1;
			remoteInfo = "UI-697";
		};
/* End PBXContainerItemProxy section */

/* Begin PBXFileReference section */
		4709D74628F8F76C002E5AC1 /* UI-697.app */ = {isa = PBXFileReference; explicitFileType = wrapper.application; includeInIndex = 0; path = "UI-697.app"; sourceTree = BUILT_PRODUCTS_DIR; };
		4709D74928F8F76C002E5AC1 /* UI_697App.swift */ = {isa = PBXFileReference; lastKnownFileType = sourcecode.swift; path = UI_697App.swift; sourceTree = "<group>"; };
		4709D74B28F8F76C002E5AC1 /* ContentView.swift */ = {isa = PBXFileReference; lastKnownFileType = sourcecode.swift; path = ContentView.swift; sourceTree = "<group>"; };
		4709D74D28F8F76D002E5AC1 /* Assets.xcassets */ = {isa = PBXFileReference; lastKnownFileType = folder.assetcatalog; path = Assets.xcassets; sourceTree = "<group>"; };
		4709D75028F8F76D002E5AC1 /* Preview Assets.xcassets */ = {isa = PBXFileReference; lastKnownFileType = folder.assetcatalog; path = "Preview Assets.xcassets"; sourceTree = "<group>"; };
		4709D75628F8F76D002E5AC1 /* UI-697Tests.xctest */ = {isa = PBXFileReference; explicitFileType = wrapper.cfbundle; includeInIndex = 0; path = "UI-697Tests.xctest"; sourceTree = BUILT_PRODUCTS_DIR; };
		4709D75A28F8F76D002E5AC1 /* UI_697Tests.swift */ = {isa = PBXFileReference; lastKnownFileType = sourcecode.swift; path = UI_697Tests.swift; sourceTree = "<group>"; };
		4709D76028F8F76D002E5AC1 /* UI-697UITests.xctest */ = {isa = PBXFileReference; explicitFileType = wrapper.cfbundle; includeInIndex = 0; path = "UI-697UITests.xctest"; sourceTree = BUILT_PRODUCTS_DIR; };
		4709D76428F8F76D002E5AC1 /* UI_697UITests.swift */ = {isa = PBXFileReference; lastKnownFileType = sourcecode.swift; path = UI_697UITests.swift; sourceTree = "<group>"; };
		4709D76628F8F76D002E5AC1 /* UI_697UITestsLaunchTests.swift */ = {isa = PBXFileReference; lastKnownFileType = sourcecode.swift; path = UI_697UITestsLaunchTests.swift; sourceTree = "<group>"; };
		47632AC528F8F829001452D3 /* MainView.swift */ = {isa = PBXFileReference; lastKnownFileType = sourcecode.swift; path = MainView.swift; sourceTree = "<group>"; };
		47632AC828F8F84B001452D3 /* Tab.swift */ = {isa = PBXFileReference; lastKnownFileType = sourcecode.swift; path = Tab.swift; sourceTree = "<group>"; };
		47632ACA28F8F873001452D3 /* Plant.swift */ = {isa = PBXFileReference; lastKnownFileType = sourcecode.swift; path = Plant.swift; sourceTree = "<group>"; };
		47632ACC28F8F8A1001452D3 /* CustomCorner.swift */ = {isa = PBXFileReference; lastKnownFileType = sourcecode.swift; path = CustomCorner.swift; sourceTree = "<group>"; };
		47632ACF28F8FD93001452D3 /* Home.swift */ = {isa = PBXFileReference; lastKnownFileType = sourcecode.swift; path = Home.swift; sourceTree = "<group>"; };
		47632AD128F9053D001452D3 /* CustomCrouselView.swift */ = {isa = PBXFileReference; lastKnownFileType = sourcecode.swift; path = CustomCrouselView.swift; sourceTree = "<group>"; };
		47632AD328F91351001452D3 /* DetailView.swift */ = {isa = PBXFileReference; lastKnownFileType = sourcecode.swift; path = DetailView.swift; sourceTree = "<group>"; };
/* End PBXFileReference section */

/* Begin PBXFrameworksBuildPhase section */
		4709D74328F8F76C002E5AC1 /* Frameworks */ = {
			isa = PBXFrameworksBuildPhase;
			buildActionMask = 2147483647;
			files = (
			);
			runOnlyForDeploymentPostprocessing = 0;
		};
		4709D75328F8F76D002E5AC1 /* Frameworks */ = {
			isa = PBXFrameworksBuildPhase;
			buildActionMask = 2147483647;
			files = (
			);
			runOnlyForDeploymentPostprocessing = 0;
		};
		4709D75D28F8F76D002E5AC1 /* Frameworks */ = {
			isa = PBXFrameworksBuildPhase;
			buildActionMask = 2147483647;
			files = (
			);
			runOnlyForDeploymentPostprocessing = 0;
		};
/* End PBXFrameworksBuildPhase section */

/* Begin PBXGroup section */
		4709D73D28F8F76C002E5AC1 = {
			isa = PBXGroup;
			children = (
				4709D74828F8F76C002E5AC1 /* UI-697 */,
				4709D75928F8F76D002E5AC1 /* UI-697Tests */,
				4709D76328F8F76D002E5AC1 /* UI-697UITests */,
				4709D74728F8F76C002E5AC1 /* Products */,
			);
			sourceTree = "<group>";
		};
		4709D74728F8F76C002E5AC1 /* Products */ = {
			isa = PBXGroup;
			children = (
				4709D74628F8F76C002E5AC1 /* UI-697.app */,
				4709D75628F8F76D002E5AC1 /* UI-697Tests.xctest */,
				4709D76028F8F76D002E5AC1 /* UI-697UITests.xctest */,
			);
			name = Products;
			sourceTree = "<group>";
		};
		4709D74828F8F76C002E5AC1 /* UI-697 */ = {
			isa = PBXGroup;
			children = (
				47632ACE28F8FD87001452D3 /* TabViews */,
				47632AC728F8F833001452D3 /* Model */,
				47632AC428F8F822001452D3 /* View */,
				4709D74928F8F76C002E5AC1 /* UI_697App.swift */,
				4709D74B28F8F76C002E5AC1 /* ContentView.swift */,
				4709D74D28F8F76D002E5AC1 /* Assets.xcassets */,
				4709D74F28F8F76D002E5AC1 /* Preview Content */,
			);
			path = "UI-697";
			sourceTree = "<group>";
		};
		4709D74F28F8F76D002E5AC1 /* Preview Content */ = {
			isa = PBXGroup;
			children = (
				4709D75028F8F76D002E5AC1 /* Preview Assets.xcassets */,
			);
			path = "Preview Content";
			sourceTree = "<group>";
		};
		4709D75928F8F76D002E5AC1 /* UI-697Tests */ = {
			isa = PBXGroup;
			children = (
				4709D75A28F8F76D002E5AC1 /* UI_697Tests.swift */,
			);
			path = "UI-697Tests";
			sourceTree = "<group>";
		};
		4709D76328F8F76D002E5AC1 /* UI-697UITests */ = {
			isa = PBXGroup;
			children = (
				4709D76428F8F76D002E5AC1 /* UI_697UITests.swift */,
				4709D76628F8F76D002E5AC1 /* UI_697UITestsLaunchTests.swift */,
			);
			path = "UI-697UITests";
			sourceTree = "<group>";
		};
		47632AC428F8F822001452D3 /* View */ = {
			isa = PBXGroup;
			children = (
				47632AC528F8F829001452D3 /* MainView.swift */,
				47632ACC28F8F8A1001452D3 /* CustomCorner.swift */,
				47632AD128F9053D001452D3 /* CustomCrouselView.swift */,
			);
			path = View;
			sourceTree = "<group>";
		};
		47632AC728F8F833001452D3 /* Model */ = {
			isa = PBXGroup;
			children = (
				47632AC828F8F84B001452D3 /* Tab.swift */,
				47632ACA28F8F873001452D3 /* Plant.swift */,
			);
			path = Model;
			sourceTree = "<group>";
		};
		47632ACE28F8FD87001452D3 /* TabViews */ = {
			isa = PBXGroup;
			children = (
				47632ACF28F8FD93001452D3 /* Home.swift */,
				47632AD328F91351001452D3 /* DetailView.swift */,
			);
			path = TabViews;
			sourceTree = "<group>";
		};
/* End PBXGroup section */

/* Begin PBXNativeTarget section */
		4709D74528F8F76C002E5AC1 /* UI-697 */ = {
			isa = PBXNativeTarget;
			buildConfigurationList = 4709D76A28F8F76D002E5AC1 /* Build configuration list for PBXNativeTarget "UI-697" */;
			buildPhases = (
				4709D74228F8F76C002E5AC1 /* Sources */,
				4709D74328F8F76C002E5AC1 /* Frameworks */,
				4709D74428F8F76C002E5AC1 /* Resources */,
			);
			buildRules = (
			);
			dependencies = (
			);
			name = "UI-697";
			productName = "UI-697";
			productReference = 4709D74628F8F76C002E5AC1 /* UI-697.app */;
			productType = "com.apple.product-type.application";
		};
		4709D75528F8F76D002E5AC1 /* UI-697Tests */ = {
			isa = PBXNativeTarget;
			buildConfigurationList = 4709D76D28F8F76D002E5AC1 /* Build configuration list for PBXNativeTarget "UI-697Tests" */;
			buildPhases = (
				4709D75228F8F76D002E5AC1 /* Sources */,
				4709D75328F8F76D002E5AC1 /* Frameworks */,
				4709D75428F8F76D002E5AC1 /* Resources */,
			);
			buildRules = (
			);
			dependencies = (
				4709D75828F8F76D002E5AC1 /* PBXTargetDependency */,
			);
			name = "UI-697Tests";
			productName = "UI-697Tests";
			productReference = 4709D75628F8F76D002E5AC1 /* UI-697Tests.xctest */;
			productType = "com.apple.product-type.bundle.unit-test";
		};
		4709D75F28F8F76D002E5AC1 /* UI-697UITests */ = {
			isa = PBXNativeTarget;
			buildConfigurationList = 4709D77028F8F76D002E5AC1 /* Build configuration list for PBXNativeTarget "UI-697UITests" */;
			buildPhases = (
				4709D75C28F8F76D002E5AC1 /* Sources */,
				4709D75D28F8F76D002E5AC1 /* Frameworks */,
				4709D75E28F8F76D002E5AC1 /* Resources */,
			);
			buildRules = (
			);
			dependencies = (
				4709D76228F8F76D002E5AC1 /* PBXTargetDependency */,
			);
			name = "UI-697UITests";
			productName = "UI-697UITests";
			productReference = 4709D76028F8F76D002E5AC1 /* UI-697UITests.xctest */;
			productType = "com.apple.product-type.bundle.ui-testing";
		};
/* End PBXNativeTarget section */

/* Begin PBXProject section */
		4709D73E28F8F76C002E5AC1 /* Project object */ = {
			isa = PBXProject;
			attributes = {
				BuildIndependentTargetsInParallel = 1;
				LastSwiftUpdateCheck = 1410;
				LastUpgradeCheck = 1410;
				TargetAttributes = {
					4709D74528F8F76C002E5AC1 = {
						CreatedOnToolsVersion = 14.1;
					};
					4709D75528F8F76D002E5AC1 = {
						CreatedOnToolsVersion = 14.1;
						TestTargetID = 4709D74528F8F76C002E5AC1;
					};
					4709D75F28F8F76D002E5AC1 = {
						CreatedOnToolsVersion = 14.1;
						TestTargetID = 4709D74528F8F76C002E5AC1;
					};
				};
			};
			buildConfigurationList = 4709D74128F8F76C002E5AC1 /* Build configuration list for PBXProject "UI-697" */;
			compatibilityVersion = "Xcode 14.0";
			developmentRegion = en;
			hasScannedForEncodings = 0;
			knownRegions = (
				en,
				Base,
			);
			mainGroup = 4709D73D28F8F76C002E5AC1;
			productRefGroup = 4709D74728F8F76C002E5AC1 /* Products */;
			projectDirPath = "";
			projectRoot = "";
			targets = (
				4709D74528F8F76C002E5AC1 /* UI-697 */,
				4709D75528F8F76D002E5AC1 /* UI-697Tests */,
				4709D75F28F8F76D002E5AC1 /* UI-697UITests */,
			);
		};
/* End PBXProject section */

/* Begin PBXResourcesBuildPhase section */
		4709D74428F8F76C002E5AC1 /* Resources */ = {
			isa = PBXResourcesBuildPhase;
			buildActionMask = 2147483647;
			files = (
				4709D75128F8F76D002E5AC1 /* Preview Assets.xcassets in Resources */,
				4709D74E28F8F76D002E5AC1 /* Assets.xcassets in Resources */,
			);
			runOnlyForDeploymentPostprocessing = 0;
		};
		4709D75428F8F76D002E5AC1 /* Resources */ = {
			isa = PBXResourcesBuildPhase;
			buildActionMask = 2147483647;
			files = (
			);
			runOnlyForDeploymentPostprocessing = 0;
		};
		4709D75E28F8F76D002E5AC1 /* Resources */ = {
			isa = PBXResourcesBuildPhase;
			buildActionMask = 2147483647;
			files = (
			);
			runOnlyForDeploymentPostprocessing = 0;
		};
/* End PBXResourcesBuildPhase section */

/* Begin PBXSourcesBuildPhase section */
		4709D74228F8F76C002E5AC1 /* Sources */ = {
			isa = PBXSourcesBuildPhase;
			buildActionMask = 2147483647;
			files = (
				4709D74C28F8F76C002E5AC1 /* ContentView.swift in Sources */,
				47632AD428F91351001452D3 /* DetailView.swift in Sources */,
				47632AC628F8F829001452D3 /* MainView.swift in Sources */,
				47632ACB28F8F873001452D3 /* Plant.swift in Sources */,
				47632ACD28F8F8A1001452D3 /* CustomCorner.swift in Sources */,
				4709D74A28F8F76C002E5AC1 /* UI_697App.swift in Sources */,
				47632AD228F9053D001452D3 /* CustomCrouselView.swift in Sources */,
				47632AC928F8F84B001452D3 /* Tab.swift in Sources */,
				47632AD028F8FD93001452D3 /* Home.swift in Sources */,
			);
			runOnlyForDeploymentPostprocessing = 0;
		};
		4709D75228F8F76D002E5AC1 /* Sources */ = {
			isa = PBXSourcesBuildPhase;
			buildActionMask = 2147483647;
			files = (
				4709D75B28F8F76D002E5AC1 /* UI_697Tests.swift in Sources */,
			);
			runOnlyForDeploymentPostprocessing = 0;
		};
		4709D75C28F8F76D002E5AC1 /* Sources */ = {
			isa = PBXSourcesBuildPhase;
			buildActionMask = 2147483647;
			files = (
				4709D76528F8F76D002E5AC1 /* UI_697UITests.swift in Sources */,
				4709D76728F8F76D002E5AC1 /* UI_697UITestsLaunchTests.swift in Sources */,
			);
			runOnlyForDeploymentPostprocessing = 0;
		};
/* End PBXSourcesBuildPhase section */

/* Begin PBXTargetDependency section */
		4709D75828F8F76D002E5AC1 /* PBXTargetDependency */ = {
			isa = PBXTargetDependency;
			target = 4709D74528F8F76C002E5AC1 /* UI-697 */;
			targetProxy = 4709D75728F8F76D002E5AC1 /* PBXContainerItemProxy */;
		};
		4709D76228F8F76D002E5AC1 /* PBXTargetDependency */ = {
			isa = PBXTargetDependency;
			target = 4709D74528F8F76C002E5AC1 /* UI-697 */;
			targetProxy = 4709D76128F8F76D002E5AC1 /* PBXContainerItemProxy */;
		};
/* End PBXTargetDependency section */

/* Begin XCBuildConfiguration section */
		4709D76828F8F76D002E5AC1 /* Debug */ = {
			isa = XCBuildConfiguration;
			buildSettings = {
				ALWAYS_SEARCH_USER_PATHS = NO;
				CLANG_ANALYZER_NONNULL = YES;
				CLANG_ANALYZER_NUMBER_OBJECT_CONVERSION = YES_AGGRESSIVE;
				CLANG_CXX_LANGUAGE_STANDARD = "gnu++20";
				CLANG_ENABLE_MODULES = YES;
				CLANG_ENABLE_OBJC_ARC = YES;
				CLANG_ENABLE_OBJC_WEAK = YES;
				CLANG_WARN_BLOCK_CAPTURE_AUTORELEASING = YES;
				CLANG_WARN_BOOL_CONVERSION = YES;
				CLANG_WARN_COMMA = YES;
				CLANG_WARN_CONSTANT_CONVERSION = YES;
				CLANG_WARN_DEPRECATED_OBJC_IMPLEMENTATIONS = YES;
				CLANG_WARN_DIRECT_OBJC_ISA_USAGE = YES_ERROR;
				CLANG_WARN_DOCUMENTATION_COMMENTS = YES;
				CLANG_WARN_EMPTY_BODY = YES;
				CLANG_WARN_ENUM_CONVERSION = YES;
				CLANG_WARN_INFINITE_RECURSION = YES;
				CLANG_WARN_INT_CONVERSION = YES;
				CLANG_WARN_NON_LITERAL_NULL_CONVERSION = YES;
				CLANG_WARN_OBJC_IMPLICIT_RETAIN_SELF = YES;
				CLANG_WARN_OBJC_LITERAL_CONVERSION = YES;
				CLANG_WARN_OBJC_ROOT_CLASS = YES_ERROR;
				CLANG_WARN_QUOTED_INCLUDE_IN_FRAMEWORK_HEADER = YES;
				CLANG_WARN_RANGE_LOOP_ANALYSIS = YES;
				CLANG_WARN_STRICT_PROTOTYPES = YES;
				CLANG_WARN_SUSPICIOUS_MOVE = YES;
				CLANG_WARN_UNGUARDED_AVAILABILITY = YES_AGGRESSIVE;
				CLANG_WARN_UNREACHABLE_CODE = YES;
				CLANG_WARN__DUPLICATE_METHOD_MATCH = YES;
				COPY_PHASE_STRIP = NO;
				DEBUG_INFORMATION_FORMAT = dwarf;
				ENABLE_STRICT_OBJC_MSGSEND = YES;
				ENABLE_TESTABILITY = YES;
				GCC_C_LANGUAGE_STANDARD = gnu11;
				GCC_DYNAMIC_NO_PIC = NO;
				GCC_NO_COMMON_BLOCKS = YES;
				GCC_OPTIMIZATION_LEVEL = 0;
				GCC_PREPROCESSOR_DEFINITIONS = (
					"DEBUG=1",
					"$(inherited)",
				);
				GCC_WARN_64_TO_32_BIT_CONVERSION = YES;
				GCC_WARN_ABOUT_RETURN_TYPE = YES_ERROR;
				GCC_WARN_UNDECLARED_SELECTOR = YES;
				GCC_WARN_UNINITIALIZED_AUTOS = YES_AGGRESSIVE;
				GCC_WARN_UNUSED_FUNCTION = YES;
				GCC_WARN_UNUSED_VARIABLE = YES;
				IPHONEOS_DEPLOYMENT_TARGET = 16.1;
				MTL_ENABLE_DEBUG_INFO = INCLUDE_SOURCE;
				MTL_FAST_MATH = YES;
				ONLY_ACTIVE_ARCH = YES;
				SDKROOT = iphoneos;
				SWIFT_ACTIVE_COMPILATION_CONDITIONS = DEBUG;
				SWIFT_OPTIMIZATION_LEVEL = "-Onone";
			};
			name = Debug;
		};
		4709D76928F8F76D002E5AC1 /* Release */ = {
			isa = XCBuildConfiguration;
			buildSettings = {
				ALWAYS_SEARCH_USER_PATHS = NO;
				CLANG_ANALYZER_NONNULL = YES;
				CLANG_ANALYZER_NUMBER_OBJECT_CONVERSION = YES_AGGRESSIVE;
				CLANG_CXX_LANGUAGE_STANDARD = "gnu++20";
				CLANG_ENABLE_MODULES = YES;
				CLANG_ENABLE_OBJC_ARC = YES;
				CLANG_ENABLE_OBJC_WEAK = YES;
				CLANG_WARN_BLOCK_CAPTURE_AUTORELEASING = YES;
				CLANG_WARN_BOOL_CONVERSION = YES;
				CLANG_WARN_COMMA = YES;
				CLANG_WARN_CONSTANT_CONVERSION = YES;
				CLANG_WARN_DEPRECATED_OBJC_IMPLEMENTATIONS = YES;
				CLANG_WARN_DIRECT_OBJC_ISA_USAGE = YES_ERROR;
				CLANG_WARN_DOCUMENTATION_COMMENTS = YES;
				CLANG_WARN_EMPTY_BODY = YES;
				CLANG_WARN_ENUM_CONVERSION = YES;
				CLANG_WARN_INFINITE_RECURSION = YES;
				CLANG_WARN_INT_CONVERSION = YES;
				CLANG_WARN_NON_LITERAL_NULL_CONVERSION = YES;
				CLANG_WARN_OBJC_IMPLICIT_RETAIN_SELF = YES;
				CLANG_WARN_OBJC_LITERAL_CONVERSION = YES;
				CLANG_WARN_OBJC_ROOT_CLASS = YES_ERROR;
				CLANG_WARN_QUOTED_INCLUDE_IN_FRAMEWORK_HEADER = YES;
				CLANG_WARN_RANGE_LOOP_ANALYSIS = YES;
				CLANG_WARN_STRICT_PROTOTYPES = YES;
				CLANG_WARN_SUSPICIOUS_MOVE = YES;
				CLANG_WARN_UNGUARDED_AVAILABILITY = YES_AGGRESSIVE;
				CLANG_WARN_UNREACHABLE_CODE = YES;
				CLANG_WARN__DUPLICATE_METHOD_MATCH = YES;
				COPY_PHASE_STRIP = NO;
				DEBUG_INFORMATION_FORMAT = "dwarf-with-dsym";
				ENABLE_NS_ASSERTIONS = NO;
				ENABLE_STRICT_OBJC_MSGSEND = YES;
				GCC_C_LANGUAGE_STANDARD = gnu11;
				GCC_NO_COMMON_BLOCKS = YES;
				GCC_WARN_64_TO_32_BIT_CONVERSION = YES;
				GCC_WARN_ABOUT_RETURN_TYPE = YES_ERROR;
				GCC_WARN_UNDECLARED_SELECTOR = YES;
				GCC_WARN_UNINITIALIZED_AUTOS = YES_AGGRESSIVE;
				GCC_WARN_UNUSED_FUNCTION = YES;
				GCC_WARN_UNUSED_VARIABLE = YES;
				IPHONEOS_DEPLOYMENT_TARGET = 16.1;
				MTL_ENABLE_DEBUG_INFO = NO;
				MTL_FAST_MATH = YES;
				SDKROOT = iphoneos;
				SWIFT_COMPILATION_MODE = wholemodule;
				SWIFT_OPTIMIZATION_LEVEL = "-O";
				VALIDATE_PRODUCT = YES;
			};
			name = Release;
		};
		4709D76B28F8F76D002E5AC1 /* Debug */ = {
			isa = XCBuildConfiguration;
			buildSettings = {
				ASSETCATALOG_COMPILER_APPICON_NAME = AppIcon;
				ASSETCATALOG_COMPILER_GLOBAL_ACCENT_COLOR_NAME = AccentColor;
				CODE_SIGN_STYLE = Automatic;
				CURRENT_PROJECT_VERSION = 1;
				DEVELOPMENT_ASSET_PATHS = "\"UI-697/Preview Content\"";
				DEVELOPMENT_TEAM = 8CL4U468K5;
				ENABLE_PREVIEWS = YES;
				GENERATE_INFOPLIST_FILE = YES;
				INFOPLIST_KEY_UIApplicationSceneManifest_Generation = YES;
				INFOPLIST_KEY_UIApplicationSupportsIndirectInputEvents = YES;
				INFOPLIST_KEY_UILaunchScreen_Generation = YES;
				INFOPLIST_KEY_UISupportedInterfaceOrientations_iPad = "UIInterfaceOrientationPortrait UIInterfaceOrientationPortraitUpsideDown UIInterfaceOrientationLandscapeLeft UIInterfaceOrientationLandscapeRight";
				INFOPLIST_KEY_UISupportedInterfaceOrientations_iPhone = "UIInterfaceOrientationPortrait UIInterfaceOrientationLandscapeLeft UIInterfaceOrientationLandscapeRight";
				LD_RUNPATH_SEARCH_PATHS = (
					"$(inherited)",
					"@executable_path/Frameworks",
				);
				MARKETING_VERSION = 1.0;
				PRODUCT_BUNDLE_IDENTIFIER = "com.585.UI-697";
				PRODUCT_NAME = "$(TARGET_NAME)";
				SWIFT_EMIT_LOC_STRINGS = YES;
				SWIFT_VERSION = 5.0;
				TARGETED_DEVICE_FAMILY = "1,2";
			};
			name = Debug;
		};
		4709D76C28F8F76D002E5AC1 /* Release */ = {
			isa = XCBuildConfiguration;
			buildSettings = {
				ASSETCATALOG_COMPILER_APPICON_NAME = AppIcon;
				ASSETCATALOG_COMPILER_GLOBAL_ACCENT_COLOR_NAME = AccentColor;
				CODE_SIGN_STYLE = Automatic;
				CURRENT_PROJECT_VERSION = 1;
				DEVELOPMENT_ASSET_PATHS = "\"UI-697/Preview Content\"";
				DEVELOPMENT_TEAM = 8CL4U468K5;
				ENABLE_PREVIEWS = YES;
				GENERATE_INFOPLIST_FILE = YES;
				INFOPLIST_KEY_UIApplicationSceneManifest_Generation = YES;
				INFOPLIST_KEY_UIApplicationSupportsIndirectInputEvents = YES;
				INFOPLIST_KEY_UILaunchScreen_Generation = YES;
				INFOPLIST_KEY_UISupportedInterfaceOrientations_iPad = "UIInterfaceOrientationPortrait UIInterfaceOrientationPortraitUpsideDown UIInterfaceOrientationLandscapeLeft UIInterfaceOrientationLandscapeRight";
				INFOPLIST_KEY_UISupportedInterfaceOrientations_iPhone = "UIInterfaceOrientationPortrait UIInterfaceOrientationLandscapeLeft UIInterfaceOrientationLandscapeRight";
				LD_RUNPATH_SEARCH_PATHS = (
					"$(inherited)",
					"@executable_path/Frameworks",
				);
				MARKETING_VERSION = 1.0;
				PRODUCT_BUNDLE_IDENTIFIER = "com.585.UI-697";
				PRODUCT_NAME = "$(TARGET_NAME)";
				SWIFT_EMIT_LOC_STRINGS = YES;
				SWIFT_VERSION = 5.0;
				TARGETED_DEVICE_FAMILY = "1,2";
			};
			name = Release;
		};
		4709D76E28F8F76D002E5AC1 /* Debug */ = {
			isa = XCBuildConfiguration;
			buildSettings = {
				ALWAYS_EMBED_SWIFT_STANDARD_LIBRARIES = YES;
				BUNDLE_LOADER = "$(TEST_HOST)";
				CODE_SIGN_STYLE = Automatic;
				CURRENT_PROJECT_VERSION = 1;
				DEVELOPMENT_TEAM = 8CL4U468K5;
				GENERATE_INFOPLIST_FILE = YES;
				IPHONEOS_DEPLOYMENT_TARGET = 16.1;
				MARKETING_VERSION = 1.0;
				PRODUCT_BUNDLE_IDENTIFIER = "com.585.UI-697Tests";
				PRODUCT_NAME = "$(TARGET_NAME)";
				SWIFT_EMIT_LOC_STRINGS = NO;
				SWIFT_VERSION = 5.0;
				TARGETED_DEVICE_FAMILY = "1,2";
				TEST_HOST = "$(BUILT_PRODUCTS_DIR)/UI-697.app/$(BUNDLE_EXECUTABLE_FOLDER_PATH)/UI-697";
			};
			name = Debug;
		};
		4709D76F28F8F76D002E5AC1 /* Release */ = {
			isa = XCBuildConfiguration;
			buildSettings = {
				ALWAYS_EMBED_SWIFT_STANDARD_LIBRARIES = YES;
				BUNDLE_LOADER = "$(TEST_HOST)";
				CODE_SIGN_STYLE = Automatic;
				CURRENT_PROJECT_VERSION = 1;
				DEVELOPMENT_TEAM = 8CL4U468K5;
				GENERATE_INFOPLIST_FILE = YES;
				IPHONEOS_DEPLOYMENT_TARGET = 16.1;
				MARKETING_VERSION = 1.0;
				PRODUCT_BUNDLE_IDENTIFIER = "com.585.UI-697Tests";
				PRODUCT_NAME = "$(TARGET_NAME)";
				SWIFT_EMIT_LOC_STRINGS = NO;
				SWIFT_VERSION = 5.0;
				TARGETED_DEVICE_FAMILY = "1,2";
				TEST_HOST = "$(BUILT_PRODUCTS_DIR)/UI-697.app/$(BUNDLE_EXECUTABLE_FOLDER_PATH)/UI-697";
			};
			name = Release;
		};
		4709D77128F8F76D002E5AC1 /* Debug */ = {
			isa = XCBuildConfiguration;
			buildSettings = {
				ALWAYS_EMBED_SWIFT_STANDARD_LIBRARIES = YES;
				CODE_SIGN_STYLE = Automatic;
				CURRENT_PROJECT_VERSION = 1;
				DEVELOPMENT_TEAM = 8CL4U468K5;
				GENERATE_INFOPLIST_FILE = YES;
				MARKETING_VERSION = 1.0;
				PRODUCT_BUNDLE_IDENTIFIER = "com.585.UI-697UITests";
				PRODUCT_NAME = "$(TARGET_NAME)";
				SWIFT_EMIT_LOC_STRINGS = NO;
				SWIFT_VERSION = 5.0;
				TARGETED_DEVICE_FAMILY = "1,2";
				TEST_TARGET_NAME = "UI-697";
			};
			name = Debug;
		};
		4709D77228F8F76D002E5AC1 /* Release */ = {
			isa = XCBuildConfiguration;
			buildSettings = {
				ALWAYS_EMBED_SWIFT_STANDARD_LIBRARIES = YES;
				CODE_SIGN_STYLE = Automatic;
				CURRENT_PROJECT_VERSION = 1;
				DEVELOPMENT_TEAM = 8CL4U468K5;
				GENERATE_INFOPLIST_FILE = YES;
				MARKETING_VERSION = 1.0;
				PRODUCT_BUNDLE_IDENTIFIER = "com.585.UI-697UITests";
				PRODUCT_NAME = "$(TARGET_NAME)";
				SWIFT_EMIT_LOC_STRINGS = NO;
				SWIFT_VERSION = 5.0;
				TARGETED_DEVICE_FAMILY = "1,2";
				TEST_TARGET_NAME = "UI-697";
			};
			name = Release;
		};
/* End XCBuildConfiguration section */

/* Begin XCConfigurationList section */
		4709D74128F8F76C002E5AC1 /* Build configuration list for PBXProject "UI-697" */ = {
			isa = XCConfigurationList;
			buildConfigurations = (
				4709D76828F8F76D002E5AC1 /* Debug */,
				4709D76928F8F76D002E5AC1 /* Release */,
			);
			defaultConfigurationIsVisible = 0;
			defaultConfigurationName = Release;
		};
		4709D76A28F8F76D002E5AC1 /* Build configuration list for PBXNativeTarget "UI-697" */ = {
			isa = XCConfigurationList;
			buildConfigurations = (
				4709D76B28F8F76D002E5AC1 /* Debug */,
				4709D76C28F8F76D002E5AC1 /* Release */,
			);
			defaultConfigurationIsVisible = 0;
			defaultConfigurationName = Release;
		};
		4709D76D28F8F76D002E5AC1 /* Build configuration list for PBXNativeTarget "UI-697Tests" */ = {
			isa = XCConfigurationList;
			buildConfigurations = (
				4709D76E28F8F76D002E5AC1 /* Debug */,
				4709D76F28F8F76D002E5AC1 /* Release */,
			);
			defaultConfigurationIsVisible = 0;
			defaultConfigurationName = Release;
		};
		4709D77028F8F76D002E5AC1 /* Build configuration list for PBXNativeTarget "UI-697UITests" */ = {
			isa = XCConfigurationList;
			buildConfigurations = (
				4709D77128F8F76D002E5AC1 /* Debug */,
				4709D77228F8F76D002E5AC1 /* Release */,
			);
			defaultConfigurationIsVisible = 0;
			defaultConfigurationName = Release;
		};
/* End XCConfigurationList section */
	};
	rootObject = 4709D73E28F8F76C002E5AC1 /* Project object */;
}
